
Microsoft Visual Studio Solution File, Format Version 12.00
# Visual Studio Version 17
VisualStudioVersion = 17.3.32819.101
MinimumVisualStudioVersion = 10.0.40219.1
Project("{FAE04EC0-301F-11D3-BF4B-00C04F79EFBC}") = "Convertidor de monedas cnl", "Convertidor de monedas cnl\Convertidor de monedas cnl.csproj", "{003A194F-B649-4C7A-B626-A7A6504C246B}"
EndProject
Global
	GlobalSection(SolutionConfigurationPlatforms) = preSolution
		Debug|Any CPU = Debug|Any CPU
		Release|Any CPU = Release|Any CPU
	EndGlobalSection
	GlobalSection(ProjectConfigurationPlatforms) = postSolution
		{003A194F-B649-4C7A-B626-A7A6504C246B}.Debug|Any CPU.ActiveCfg = Debug|Any CPU
		{003A194F-B649-4C7A-B626-A7A6504C246B}.Debug|Any CPU.Build.0 = Debug|Any CPU
		{003A194F-B649-4C7A-B626-A7A6504C246B}.Release|Any CPU.ActiveCfg = Release|Any CPU
		{003A194F-B649-4C7A-B626-A7A6504C246B}.Release|Any CPU.Build.0 = Release|Any CPU
	EndGlobalSection
	GlobalSection(SolutionProperties) = preSolution
		HideSolutionNode = FALSE
	EndGlobalSection
	GlobalSection(ExtensibilityGlobals) = postSolution
		SolutionGuid = {3C341EE6-C878-47E5-986C-40B776F6F028}
	EndGlobalSection
EndGlobal
